
Microsoft Visual Studio Solution File, Format Version 12.00
# Visual Studio Version 17
VisualStudioVersion = 17.1.32421.90
MinimumVisualStudioVersion = 10.0.40219.1
Project("{9A19103F-16F7-4668-BE54-9A1E7A4F7556}") = "AppServices", "AppServices\AppServices.csproj", "{91253266-354F-4ED6-8D55-F85F71DD110F}"
EndProject
Project("{9A19103F-16F7-4668-BE54-9A1E7A4F7556}") = "Repositories", "Repositories\Repositories.csproj", "{20DD73D3-E88C-4ECC-A78C-E5742E848123}"
EndProject
Project("{9A19103F-16F7-4668-BE54-9A1E7A4F7556}") = "Matching", "Matching\Matching.csproj", "{60133D26-57BB-489D-BDFC-FEA8E250C6B2}"
EndProject
Project("{FAE04EC0-301F-11D3-BF4B-00C04F79EFBC}") = "Common", "Common\Common.csproj", "{7DC75A11-B7A2-4D4F-9690-474FE480F969}"
EndProject
Global
	GlobalSection(SolutionConfigurationPlatforms) = preSolution
		Debug|Any CPU = Debug|Any CPU
		Release|Any CPU = Release|Any CPU
	EndGlobalSection
	GlobalSection(ProjectConfigurationPlatforms) = postSolution
		{91253266-354F-4ED6-8D55-F85F71DD110F}.Debug|Any CPU.ActiveCfg = Debug|Any CPU
		{91253266-354F-4ED6-8D55-F85F71DD110F}.Debug|Any CPU.Build.0 = Debug|Any CPU
		{91253266-354F-4ED6-8D55-F85F71DD110F}.Release|Any CPU.ActiveCfg = Release|Any CPU
		{91253266-354F-4ED6-8D55-F85F71DD110F}.Release|Any CPU.Build.0 = Release|Any CPU
		{20DD73D3-E88C-4ECC-A78C-E5742E848123}.Debug|Any CPU.ActiveCfg = Debug|Any CPU
		{20DD73D3-E88C-4ECC-A78C-E5742E848123}.Debug|Any CPU.Build.0 = Debug|Any CPU
		{20DD73D3-E88C-4ECC-A78C-E5742E848123}.Release|Any CPU.ActiveCfg = Release|Any CPU
		{20DD73D3-E88C-4ECC-A78C-E5742E848123}.Release|Any CPU.Build.0 = Release|Any CPU
		{60133D26-57BB-489D-BDFC-FEA8E250C6B2}.Debug|Any CPU.ActiveCfg = Debug|Any CPU
		{60133D26-57BB-489D-BDFC-FEA8E250C6B2}.Debug|Any CPU.Build.0 = Debug|Any CPU
		{60133D26-57BB-489D-BDFC-FEA8E250C6B2}.Release|Any CPU.ActiveCfg = Release|Any CPU
		{60133D26-57BB-489D-BDFC-FEA8E250C6B2}.Release|Any CPU.Build.0 = Release|Any CPU
		{7DC75A11-B7A2-4D4F-9690-474FE480F969}.Debug|Any CPU.ActiveCfg = Debug|Any CPU
		{7DC75A11-B7A2-4D4F-9690-474FE480F969}.Debug|Any CPU.Build.0 = Debug|Any CPU
		{7DC75A11-B7A2-4D4F-9690-474FE480F969}.Release|Any CPU.ActiveCfg = Release|Any CPU
		{7DC75A11-B7A2-4D4F-9690-474FE480F969}.Release|Any CPU.Build.0 = Release|Any CPU
	EndGlobalSection
	GlobalSection(SolutionProperties) = preSolution
		HideSolutionNode = FALSE
	EndGlobalSection
	GlobalSection(ExtensibilityGlobals) = postSolution
		SolutionGuid = {848808E9-D57D-4919-AC51-F2ED4C2AFF98}
	EndGlobalSection
EndGlobal
